
Microsoft Visual Studio Solution File, Format Version 12.00
# Visual Studio Version 16
VisualStudioVersion = 16.0.31105.61
MinimumVisualStudioVersion = 10.0.40219.1
Project("{FAE04EC0-301F-11D3-BF4B-00C04F79EFBC}") = "DotNetCore_MVC", "DotNetCore_MVC.csproj", "{6F607E98-3A90-4412-9134-53FEC9E80F96}"
EndProject
Global
	GlobalSection(SolutionConfigurationPlatforms) = preSolution
		Debug|Any CPU = Debug|Any CPU
		Release|Any CPU = Release|Any CPU
	EndGlobalSection
	GlobalSection(ProjectConfigurationPlatforms) = postSolution
		{6F607E98-3A90-4412-9134-53FEC9E80F96}.Debug|Any CPU.ActiveCfg = Debug|Any CPU
		{6F607E98-3A90-4412-9134-53FEC9E80F96}.Debug|Any CPU.Build.0 = Debug|Any CPU
		{6F607E98-3A90-4412-9134-53FEC9E80F96}.Release|Any CPU.ActiveCfg = Release|Any CPU
		{6F607E98-3A90-4412-9134-53FEC9E80F96}.Release|Any CPU.Build.0 = Release|Any CPU
	EndGlobalSection
	GlobalSection(SolutionProperties) = preSolution
		HideSolutionNode = FALSE
	EndGlobalSection
	GlobalSection(ExtensibilityGlobals) = postSolution
		SolutionGuid = {74425BAD-10F2-47E7-B4A7-9030FD82CE2B}
	EndGlobalSection
EndGlobal
